
Microsoft Visual Studio Solution File, Format Version 12.00
# Visual Studio 15
VisualStudioVersion = 15.0.27703.2035
MinimumVisualStudioVersion = 10.0.40219.1
Project("{FAE04EC0-301F-11D3-BF4B-00C04F79EFBC}") = "ConsoleApp", "ConsoleApp\ConsoleApp.csproj", "{52A8668F-85CC-457A-A049-C0FCCC4C68AF}"
EndProject
Project("{FAE04EC0-301F-11D3-BF4B-00C04F79EFBC}") = "WpfApp_View", "WpfApp_View\WpfApp_View.csproj", "{76798934-E462-4140-9A9B-3F5425C29EEA}"
EndProject
Global
	GlobalSection(SolutionConfigurationPlatforms) = preSolution
		Debug|Any CPU = Debug|Any CPU
		Debug|x64 = Debug|x64
		Debug|x86 = Debug|x86
		Release|Any CPU = Release|Any CPU
		Release|x64 = Release|x64
		Release|x86 = Release|x86
	EndGlobalSection
	GlobalSection(ProjectConfigurationPlatforms) = postSolution
		{52A8668F-85CC-457A-A049-C0FCCC4C68AF}.Debug|Any CPU.ActiveCfg = Debug|Any CPU
		{52A8668F-85CC-457A-A049-C0FCCC4C68AF}.Debug|Any CPU.Build.0 = Debug|Any CPU
		{52A8668F-85CC-457A-A049-C0FCCC4C68AF}.Debug|x64.ActiveCfg = Debug|Any CPU
		{52A8668F-85CC-457A-A049-C0FCCC4C68AF}.Debug|x64.Build.0 = Debug|Any CPU
		{52A8668F-85CC-457A-A049-C0FCCC4C68AF}.Debug|x86.ActiveCfg = Debug|Any CPU
		{52A8668F-85CC-457A-A049-C0FCCC4C68AF}.Debug|x86.Build.0 = Debug|Any CPU
		{52A8668F-85CC-457A-A049-C0FCCC4C68AF}.Release|Any CPU.ActiveCfg = Release|Any CPU
		{52A8668F-85CC-457A-A049-C0FCCC4C68AF}.Release|Any CPU.Build.0 = Release|Any CPU
		{52A8668F-85CC-457A-A049-C0FCCC4C68AF}.Release|x64.ActiveCfg = Release|Any CPU
		{52A8668F-85CC-457A-A049-C0FCCC4C68AF}.Release|x64.Build.0 = Release|Any CPU
		{52A8668F-85CC-457A-A049-C0FCCC4C68AF}.Release|x86.ActiveCfg = Release|Any CPU
		{52A8668F-85CC-457A-A049-C0FCCC4C68AF}.Release|x86.Build.0 = Release|Any CPU
		{76798934-E462-4140-9A9B-3F5425C29EEA}.Debug|Any CPU.ActiveCfg = Debug|Any CPU
		{76798934-E462-4140-9A9B-3F5425C29EEA}.Debug|Any CPU.Build.0 = Debug|Any CPU
		{76798934-E462-4140-9A9B-3F5425C29EEA}.Debug|x64.ActiveCfg = Debug|Any CPU
		{76798934-E462-4140-9A9B-3F5425C29EEA}.Debug|x64.Build.0 = Debug|Any CPU
		{76798934-E462-4140-9A9B-3F5425C29EEA}.Debug|x86.ActiveCfg = Debug|Any CPU
		{76798934-E462-4140-9A9B-3F5425C29EEA}.Debug|x86.Build.0 = Debug|Any CPU
		{76798934-E462-4140-9A9B-3F5425C29EEA}.Release|Any CPU.ActiveCfg = Release|Any CPU
		{76798934-E462-4140-9A9B-3F5425C29EEA}.Release|Any CPU.Build.0 = Release|Any CPU
		{76798934-E462-4140-9A9B-3F5425C29EEA}.Release|x64.ActiveCfg = Release|Any CPU
		{76798934-E462-4140-9A9B-3F5425C29EEA}.Release|x64.Build.0 = Release|Any CPU
		{76798934-E462-4140-9A9B-3F5425C29EEA}.Release|x86.ActiveCfg = Release|Any CPU
		{76798934-E462-4140-9A9B-3F5425C29EEA}.Release|x86.Build.0 = Release|Any CPU
	EndGlobalSection
	GlobalSection(SolutionProperties) = preSolution
		HideSolutionNode = FALSE
	EndGlobalSection
	GlobalSection(ExtensibilityGlobals) = postSolution
		SolutionGuid = {DD1AB4A1-F577-431F-BDF1-12B5419E37DF}
	EndGlobalSection
EndGlobal
